
Microsoft Visual Studio Solution File, Format Version 12.00
# Visual Studio Version 17
VisualStudioVersion = 17.8.34408.163
MinimumVisualStudioVersion = 10.0.40219.1
Project("{9A19103F-16F7-4668-BE54-9A1E7A4F7556}") = "EFLAb.PLL", "EFLAb.PLL\EFLAb.PLL.csproj", "{29799713-75C2-436C-9C7E-08E4A892F331}"
EndProject
Project("{FAE04EC0-301F-11D3-BF4B-00C04F79EFBC}") = "EFLAb.DAL", "EFLAb.DAL\EFLAb.DAL.csproj", "{73EC47AC-27CD-43DA-B99E-F5FFB9965F76}"
EndProject
Project("{FAE04EC0-301F-11D3-BF4B-00C04F79EFBC}") = "EFLAb.BLL", "EFLAb.BLL\EFLAb.BLL.csproj", "{01C8B335-9629-4A3A-BD72-B278DC3B665A}"
EndProject
Global
	GlobalSection(SolutionConfigurationPlatforms) = preSolution
		Debug|Any CPU = Debug|Any CPU
		Release|Any CPU = Release|Any CPU
	EndGlobalSection
	GlobalSection(ProjectConfigurationPlatforms) = postSolution
		{29799713-75C2-436C-9C7E-08E4A892F331}.Debug|Any CPU.ActiveCfg = Debug|Any CPU
		{29799713-75C2-436C-9C7E-08E4A892F331}.Debug|Any CPU.Build.0 = Debug|Any CPU
		{29799713-75C2-436C-9C7E-08E4A892F331}.Release|Any CPU.ActiveCfg = Release|Any CPU
		{29799713-75C2-436C-9C7E-08E4A892F331}.Release|Any CPU.Build.0 = Release|Any CPU
		{73EC47AC-27CD-43DA-B99E-F5FFB9965F76}.Debug|Any CPU.ActiveCfg = Debug|Any CPU
		{73EC47AC-27CD-43DA-B99E-F5FFB9965F76}.Debug|Any CPU.Build.0 = Debug|Any CPU
		{73EC47AC-27CD-43DA-B99E-F5FFB9965F76}.Release|Any CPU.ActiveCfg = Release|Any CPU
		{73EC47AC-27CD-43DA-B99E-F5FFB9965F76}.Release|Any CPU.Build.0 = Release|Any CPU
		{01C8B335-9629-4A3A-BD72-B278DC3B665A}.Debug|Any CPU.ActiveCfg = Debug|Any CPU
		{01C8B335-9629-4A3A-BD72-B278DC3B665A}.Debug|Any CPU.Build.0 = Debug|Any CPU
		{01C8B335-9629-4A3A-BD72-B278DC3B665A}.Release|Any CPU.ActiveCfg = Release|Any CPU
		{01C8B335-9629-4A3A-BD72-B278DC3B665A}.Release|Any CPU.Build.0 = Release|Any CPU
	EndGlobalSection
	GlobalSection(SolutionProperties) = preSolution
		HideSolutionNode = FALSE
	EndGlobalSection
	GlobalSection(ExtensibilityGlobals) = postSolution
		SolutionGuid = {43D3E795-4466-42A2-96AF-CDA50F6953CF}
	EndGlobalSection
EndGlobal
